
Microsoft Visual Studio Solution File, Format Version 12.00
# Visual Studio Version 17
VisualStudioVersion = 17.11.35312.102
MinimumVisualStudioVersion = 10.0.40219.1
Project("{FAE04EC0-301F-11D3-BF4B-00C04F79EFBC}") = "RegINBugrina", "RegINBugrina.csproj", "{DE94A226-4C0C-426C-A26D-E7B9CB106C09}"
EndProject
Global
	GlobalSection(SolutionConfigurationPlatforms) = preSolution
		Debug|Any CPU = Debug|Any CPU
		Release|Any CPU = Release|Any CPU
	EndGlobalSection
	GlobalSection(ProjectConfigurationPlatforms) = postSolution
		{DE94A226-4C0C-426C-A26D-E7B9CB106C09}.Debug|Any CPU.ActiveCfg = Debug|Any CPU
		{DE94A226-4C0C-426C-A26D-E7B9CB106C09}.Debug|Any CPU.Build.0 = Debug|Any CPU
		{DE94A226-4C0C-426C-A26D-E7B9CB106C09}.Release|Any CPU.ActiveCfg = Release|Any CPU
		{DE94A226-4C0C-426C-A26D-E7B9CB106C09}.Release|Any CPU.Build.0 = Release|Any CPU
	EndGlobalSection
	GlobalSection(SolutionProperties) = preSolution
		HideSolutionNode = FALSE
	EndGlobalSection
	GlobalSection(ExtensibilityGlobals) = postSolution
		SolutionGuid = {DADED3DB-289E-4F66-9836-816D7A77C03E}
	EndGlobalSection
EndGlobal
